
Microsoft Visual Studio Solution File, Format Version 12.00
# Visual Studio Version 17
VisualStudioVersion = 17.8.34330.188
MinimumVisualStudioVersion = 10.0.40219.1
Project("{FAE04EC0-301F-11D3-BF4B-00C04F79EFBC}") = "ConsolePractica", "ConsolePractica\ConsolePractica.csproj", "{0F320B0D-9A5B-441D-ABC2-5E34384002B3}"
EndProject
Project("{FAE04EC0-301F-11D3-BF4B-00C04F79EFBC}") = "PracticaLinq", "PracticaLinq\PracticaLinq.csproj", "{6B6643A8-055B-480F-B50A-2FE4705B485C}"
EndProject
Project("{FAE04EC0-301F-11D3-BF4B-00C04F79EFBC}") = "WebApiTarea", "WebApiTarea\WebApiTarea.csproj", "{CC1A1646-D4AA-425E-960D-FF87C81A1091}"
EndProject
Global
	GlobalSection(SolutionConfigurationPlatforms) = preSolution
		Debug|Any CPU = Debug|Any CPU
		Release|Any CPU = Release|Any CPU
	EndGlobalSection
	GlobalSection(ProjectConfigurationPlatforms) = postSolution
		{0F320B0D-9A5B-441D-ABC2-5E34384002B3}.Debug|Any CPU.ActiveCfg = Debug|Any CPU
		{0F320B0D-9A5B-441D-ABC2-5E34384002B3}.Debug|Any CPU.Build.0 = Debug|Any CPU
		{0F320B0D-9A5B-441D-ABC2-5E34384002B3}.Release|Any CPU.ActiveCfg = Release|Any CPU
		{0F320B0D-9A5B-441D-ABC2-5E34384002B3}.Release|Any CPU.Build.0 = Release|Any CPU
		{6B6643A8-055B-480F-B50A-2FE4705B485C}.Debug|Any CPU.ActiveCfg = Debug|Any CPU
		{6B6643A8-055B-480F-B50A-2FE4705B485C}.Debug|Any CPU.Build.0 = Debug|Any CPU
		{6B6643A8-055B-480F-B50A-2FE4705B485C}.Release|Any CPU.ActiveCfg = Release|Any CPU
		{6B6643A8-055B-480F-B50A-2FE4705B485C}.Release|Any CPU.Build.0 = Release|Any CPU
		{CC1A1646-D4AA-425E-960D-FF87C81A1091}.Debug|Any CPU.ActiveCfg = Debug|Any CPU
		{CC1A1646-D4AA-425E-960D-FF87C81A1091}.Debug|Any CPU.Build.0 = Debug|Any CPU
		{CC1A1646-D4AA-425E-960D-FF87C81A1091}.Release|Any CPU.ActiveCfg = Release|Any CPU
		{CC1A1646-D4AA-425E-960D-FF87C81A1091}.Release|Any CPU.Build.0 = Release|Any CPU
	EndGlobalSection
	GlobalSection(SolutionProperties) = preSolution
		HideSolutionNode = FALSE
	EndGlobalSection
	GlobalSection(ExtensibilityGlobals) = postSolution
		SolutionGuid = {2F1B2EC2-9EFF-4F7F-A559-EAED2479FC29}
	EndGlobalSection
EndGlobal
